
Microsoft Visual Studio Solution File, Format Version 12.00
# Visual Studio Version 17
VisualStudioVersion = 17.11.35312.102
MinimumVisualStudioVersion = 10.0.40219.1
Project("{FAE04EC0-301F-11D3-BF4B-00C04F79EFBC}") = "methods", "methods\methods.csproj", "{584257D2-706E-456F-A1A6-C191502E85B1}"
EndProject
Global
	GlobalSection(SolutionConfigurationPlatforms) = preSolution
		Debug|Any CPU = Debug|Any CPU
		Release|Any CPU = Release|Any CPU
	EndGlobalSection
	GlobalSection(ProjectConfigurationPlatforms) = postSolution
		{584257D2-706E-456F-A1A6-C191502E85B1}.Debug|Any CPU.ActiveCfg = Debug|Any CPU
		{584257D2-706E-456F-A1A6-C191502E85B1}.Debug|Any CPU.Build.0 = Debug|Any CPU
		{584257D2-706E-456F-A1A6-C191502E85B1}.Release|Any CPU.ActiveCfg = Release|Any CPU
		{584257D2-706E-456F-A1A6-C191502E85B1}.Release|Any CPU.Build.0 = Release|Any CPU
	EndGlobalSection
	GlobalSection(SolutionProperties) = preSolution
		HideSolutionNode = FALSE
	EndGlobalSection
	GlobalSection(ExtensibilityGlobals) = postSolution
		SolutionGuid = {76ACDE01-D76C-4C8D-B6AC-1CCC1A60256F}
	EndGlobalSection
EndGlobal
